// !$*UTF8*$!
{
	archiveVersion = 1;
	classes = {
	};
	objectVersion = 56;
	objects = {

/* Begin PBXBuildFile section */
		65D15F50291C6D5400CB014A /* AppDelegate.swift in Sources */ = {isa = PBXBuildFile; fileRef = 65D15F4F291C6D5400CB014A /* AppDelegate.swift */; };
		65D15F54291C6D5400CB014A /* ViewController.swift in Sources */ = {isa = PBXBuildFile; fileRef = 65D15F53291C6D5400CB014A /* ViewController.swift */; };
		65D15F5A291C6D5400CB014A /* CoreDataStack.xcdatamodeld in Sources */ = {isa = PBXBuildFile; fileRef = 65D15F58291C6D5400CB014A /* CoreDataStack.xcdatamodeld */; };
		65D15F5C291C6D5500CB014A /* Assets.xcassets in Resources */ = {isa = PBXBuildFile; fileRef = 65D15F5B291C6D5500CB014A /* Assets.xcassets */; };
		65D15F68291C6DFD00CB014A /* AlertController.swift in Sources */ = {isa = PBXBuildFile; fileRef = 65D15F67291C6DFD00CB014A /* AlertController.swift */; };
		65D15F6C291C6E2A00CB014A /* StorageManager.swift in Sources */ = {isa = PBXBuildFile; fileRef = 65D15F6B291C6E2A00CB014A /* StorageManager.swift */; };
		65D15F70291C6E9000CB014A /* Testing+CoreDataClass.swift in Sources */ = {isa = PBXBuildFile; fileRef = 65D15F6E291C6E9000CB014A /* Testing+CoreDataClass.swift */; };
		65D15F71291C6E9000CB014A /* Testing+CoreDataProperties.swift in Sources */ = {isa = PBXBuildFile; fileRef = 65D15F6F291C6E9000CB014A /* Testing+CoreDataProperties.swift */; };
		65D15F74291C784B00CB014A /* gitignore in Resources */ = {isa = PBXBuildFile; fileRef = 65D15F73291C784B00CB014A /* gitignore */; };
/* End PBXBuildFile section */

/* Begin PBXFileReference section */
		65D15F4C291C6D5400CB014A /* CoreDataStack.app */ = {isa = PBXFileReference; explicitFileType = wrapper.application; includeInIndex = 0; path = CoreDataStack.app; sourceTree = BUILT_PRODUCTS_DIR; };
		65D15F4F291C6D5400CB014A /* AppDelegate.swift */ = {isa = PBXFileReference; lastKnownFileType = sourcecode.swift; path = AppDelegate.swift; sourceTree = "<group>"; };
		65D15F53291C6D5400CB014A /* ViewController.swift */ = {isa = PBXFileReference; lastKnownFileType = sourcecode.swift; path = ViewController.swift; sourceTree = "<group>"; };
		65D15F59291C6D5400CB014A /* CoreDataStack.xcdatamodel */ = {isa = PBXFileReference; lastKnownFileType = wrapper.xcdatamodel; path = CoreDataStack.xcdatamodel; sourceTree = "<group>"; };
		65D15F5B291C6D5500CB014A /* Assets.xcassets */ = {isa = PBXFileReference; lastKnownFileType = folder.assetcatalog; path = Assets.xcassets; sourceTree = "<group>"; };
		65D15F60291C6D5500CB014A /* Info.plist */ = {isa = PBXFileReference; lastKnownFileType = text.plist.xml; path = Info.plist; sourceTree = "<group>"; };
		65D15F67291C6DFD00CB014A /* AlertController.swift */ = {isa = PBXFileReference; lastKnownFileType = sourcecode.swift; path = AlertController.swift; sourceTree = "<group>"; };
		65D15F6B291C6E2A00CB014A /* StorageManager.swift */ = {isa = PBXFileReference; lastKnownFileType = sourcecode.swift; path = StorageManager.swift; sourceTree = "<group>"; };
		65D15F6E291C6E9000CB014A /* Testing+CoreDataClass.swift */ = {isa = PBXFileReference; lastKnownFileType = sourcecode.swift; path = "Testing+CoreDataClass.swift"; sourceTree = "<group>"; };
		65D15F6F291C6E9000CB014A /* Testing+CoreDataProperties.swift */ = {isa = PBXFileReference; lastKnownFileType = sourcecode.swift; path = "Testing+CoreDataProperties.swift"; sourceTree = "<group>"; };
		65D15F73291C784B00CB014A /* gitignore */ = {isa = PBXFileReference; fileEncoding = 4; lastKnownFileType = text; name = gitignore; path = "../../../Library/Group Containers/group.com.apple.notes/tmp/HardLinkURLTemp/AB574DE4-D12F-4E6D-98C5-725CAAE6E7EE/1655247947/gitignore"; sourceTree = "<group>"; };
/* End PBXFileReference section */

/* Begin PBXFrameworksBuildPhase section */
		65D15F49291C6D5400CB014A /* Frameworks */ = {
			isa = PBXFrameworksBuildPhase;
			buildActionMask = 2147483647;
			files = (
			);
			runOnlyForDeploymentPostprocessing = 0;
		};
/* End PBXFrameworksBuildPhase section */

/* Begin PBXGroup section */
		65D15F43291C6D5400CB014A = {
			isa = PBXGroup;
			children = (
				65D15F73291C784B00CB014A /* gitignore */,
				65D15F4E291C6D5400CB014A /* CoreDataStack */,
				65D15F4D291C6D5400CB014A /* Products */,
			);
			sourceTree = "<group>";
		};
		65D15F4D291C6D5400CB014A /* Products */ = {
			isa = PBXGroup;
			children = (
				65D15F4C291C6D5400CB014A /* CoreDataStack.app */,
			);
			name = Products;
			sourceTree = "<group>";
		};
		65D15F4E291C6D5400CB014A /* CoreDataStack */ = {
			isa = PBXGroup;
			children = (
				65D15F66291C6DD300CB014A /* App */,
				65D15F69291C6E0900CB014A /* ViewControllers */,
				65D15F6D291C6E3200CB014A /* Services */,
				65D15F6A291C6E1800CB014A /* Resources */,
				65D15F72291C6E9E00CB014A /* Entities */,
				65D15F58291C6D5400CB014A /* CoreDataStack.xcdatamodeld */,
			);
			path = CoreDataStack;
			sourceTree = "<group>";
		};
		65D15F66291C6DD300CB014A /* App */ = {
			isa = PBXGroup;
			children = (
				65D15F4F291C6D5400CB014A /* AppDelegate.swift */,
				65D15F60291C6D5500CB014A /* Info.plist */,
			);
			path = App;
			sourceTree = "<group>";
		};
		65D15F69291C6E0900CB014A /* ViewControllers */ = {
			isa = PBXGroup;
			children = (
				65D15F53291C6D5400CB014A /* ViewController.swift */,
				65D15F67291C6DFD00CB014A /* AlertController.swift */,
			);
			path = ViewControllers;
			sourceTree = "<group>";
		};
		65D15F6A291C6E1800CB014A /* Resources */ = {
			isa = PBXGroup;
			children = (
				65D15F5B291C6D5500CB014A /* Assets.xcassets */,
			);
			path = Resources;
			sourceTree = "<group>";
		};
		65D15F6D291C6E3200CB014A /* Services */ = {
			isa = PBXGroup;
			children = (
				65D15F6B291C6E2A00CB014A /* StorageManager.swift */,
			);
			path = Services;
			sourceTree = "<group>";
		};
		65D15F72291C6E9E00CB014A /* Entities */ = {
			isa = PBXGroup;
			children = (
				65D15F6E291C6E9000CB014A /* Testing+CoreDataClass.swift */,
				65D15F6F291C6E9000CB014A /* Testing+CoreDataProperties.swift */,
			);
			path = Entities;
			sourceTree = "<group>";
		};
/* End PBXGroup section */

/* Begin PBXNativeTarget section */
		65D15F4B291C6D5400CB014A /* CoreDataStack */ = {
			isa = PBXNativeTarget;
			buildConfigurationList = 65D15F63291C6D5500CB014A /* Build configuration list for PBXNativeTarget "CoreDataStack" */;
			buildPhases = (
				65D15F48291C6D5400CB014A /* Sources */,
				65D15F49291C6D5400CB014A /* Frameworks */,
				65D15F4A291C6D5400CB014A /* Resources */,
			);
			buildRules = (
			);
			dependencies = (
			);
			name = CoreDataStack;
			productName = CoreDataStack;
			productReference = 65D15F4C291C6D5400CB014A /* CoreDataStack.app */;
			productType = "com.apple.product-type.application";
		};
/* End PBXNativeTarget section */

/* Begin PBXProject section */
		65D15F44291C6D5400CB014A /* Project object */ = {
			isa = PBXProject;
			attributes = {
				BuildIndependentTargetsInParallel = 1;
				LastSwiftUpdateCheck = 1410;
				LastUpgradeCheck = 1410;
				TargetAttributes = {
					65D15F4B291C6D5400CB014A = {
						CreatedOnToolsVersion = 14.1;
					};
				};
			};
			buildConfigurationList = 65D15F47291C6D5400CB014A /* Build configuration list for PBXProject "CoreDataStack" */;
			compatibilityVersion = "Xcode 14.0";
			developmentRegion = en;
			hasScannedForEncodings = 0;
			knownRegions = (
				en,
				Base,
			);
			mainGroup = 65D15F43291C6D5400CB014A;
			productRefGroup = 65D15F4D291C6D5400CB014A /* Products */;
			projectDirPath = "";
			projectRoot = "";
			targets = (
				65D15F4B291C6D5400CB014A /* CoreDataStack */,
			);
		};
/* End PBXProject section */

/* Begin PBXResourcesBuildPhase section */
		65D15F4A291C6D5400CB014A /* Resources */ = {
			isa = PBXResourcesBuildPhase;
			buildActionMask = 2147483647;
			files = (
				65D15F5C291C6D5500CB014A /* Assets.xcassets in Resources */,
				65D15F74291C784B00CB014A /* gitignore in Resources */,
			);
			runOnlyForDeploymentPostprocessing = 0;
		};
/* End PBXResourcesBuildPhase section */

/* Begin PBXSourcesBuildPhase section */
		65D15F48291C6D5400CB014A /* Sources */ = {
			isa = PBXSourcesBuildPhase;
			buildActionMask = 2147483647;
			files = (
				65D15F54291C6D5400CB014A /* ViewController.swift in Sources */,
				65D15F68291C6DFD00CB014A /* AlertController.swift in Sources */,
				65D15F70291C6E9000CB014A /* Testing+CoreDataClass.swift in Sources */,
				65D15F6C291C6E2A00CB014A /* StorageManager.swift in Sources */,
				65D15F50291C6D5400CB014A /* AppDelegate.swift in Sources */,
				65D15F71291C6E9000CB014A /* Testing+CoreDataProperties.swift in Sources */,
				65D15F5A291C6D5400CB014A /* CoreDataStack.xcdatamodeld in Sources */,
			);
			runOnlyForDeploymentPostprocessing = 0;
		};
/* End PBXSourcesBuildPhase section */

/* Begin XCBuildConfiguration section */
		65D15F61291C6D5500CB014A /* Debug */ = {
			isa = XCBuildConfiguration;
			buildSettings = {
				ALWAYS_SEARCH_USER_PATHS = NO;
				CLANG_ANALYZER_NONNULL = YES;
				CLANG_ANALYZER_NUMBER_OBJECT_CONVERSION = YES_AGGRESSIVE;
				CLANG_CXX_LANGUAGE_STANDARD = "gnu++20";
				CLANG_ENABLE_MODULES = YES;
				CLANG_ENABLE_OBJC_ARC = YES;
				CLANG_ENABLE_OBJC_WEAK = YES;
				CLANG_WARN_BLOCK_CAPTURE_AUTORELEASING = YES;
				CLANG_WARN_BOOL_CONVERSION = YES;
				CLANG_WARN_COMMA = YES;
				CLANG_WARN_CONSTANT_CONVERSION = YES;
				CLANG_WARN_DEPRECATED_OBJC_IMPLEMENTATIONS = YES;
				CLANG_WARN_DIRECT_OBJC_ISA_USAGE = YES_ERROR;
				CLANG_WARN_DOCUMENTATION_COMMENTS = YES;
				CLANG_WARN_EMPTY_BODY = YES;
				CLANG_WARN_ENUM_CONVERSION = YES;
				CLANG_WARN_INFINITE_RECURSION = YES;
				CLANG_WARN_INT_CONVERSION = YES;
				CLANG_WARN_NON_LITERAL_NULL_CONVERSION = YES;
				CLANG_WARN_OBJC_IMPLICIT_RETAIN_SELF = YES;
				CLANG_WARN_OBJC_LITERAL_CONVERSION = YES;
				CLANG_WARN_OBJC_ROOT_CLASS = YES_ERROR;
				CLANG_WARN_QUOTED_INCLUDE_IN_FRAMEWORK_HEADER = YES;
				CLANG_WARN_RANGE_LOOP_ANALYSIS = YES;
				CLANG_WARN_STRICT_PROTOTYPES = YES;
				CLANG_WARN_SUSPICIOUS_MOVE = YES;
				CLANG_WARN_UNGUARDED_AVAILABILITY = YES_AGGRESSIVE;
				CLANG_WARN_UNREACHABLE_CODE = YES;
				CLANG_WARN__DUPLICATE_METHOD_MATCH = YES;
				COPY_PHASE_STRIP = NO;
				DEBUG_INFORMATION_FORMAT = dwarf;
				ENABLE_STRICT_OBJC_MSGSEND = YES;
				ENABLE_TESTABILITY = YES;
				GCC_C_LANGUAGE_STANDARD = gnu11;
				GCC_DYNAMIC_NO_PIC = NO;
				GCC_NO_COMMON_BLOCKS = YES;
				GCC_OPTIMIZATION_LEVEL = 0;
				GCC_PREPROCESSOR_DEFINITIONS = (
					"DEBUG=1",
					"$(inherited)",
				);
				GCC_WARN_64_TO_32_BIT_CONVERSION = YES;
				GCC_WARN_ABOUT_RETURN_TYPE = YES_ERROR;
				GCC_WARN_UNDECLARED_SELECTOR = YES;
				GCC_WARN_UNINITIALIZED_AUTOS = YES_AGGRESSIVE;
				GCC_WARN_UNUSED_FUNCTION = YES;
				GCC_WARN_UNUSED_VARIABLE = YES;
				IPHONEOS_DEPLOYMENT_TARGET = 16.1;
				MTL_ENABLE_DEBUG_INFO = INCLUDE_SOURCE;
				MTL_FAST_MATH = YES;
				ONLY_ACTIVE_ARCH = YES;
				SDKROOT = iphoneos;
				SWIFT_ACTIVE_COMPILATION_CONDITIONS = DEBUG;
				SWIFT_OPTIMIZATION_LEVEL = "-Onone";
			};
			name = Debug;
		};
		65D15F62291C6D5500CB014A /* Release */ = {
			isa = XCBuildConfiguration;
			buildSettings = {
				ALWAYS_SEARCH_USER_PATHS = NO;
				CLANG_ANALYZER_NONNULL = YES;
				CLANG_ANALYZER_NUMBER_OBJECT_CONVERSION = YES_AGGRESSIVE;
				CLANG_CXX_LANGUAGE_STANDARD = "gnu++20";
				CLANG_ENABLE_MODULES = YES;
				CLANG_ENABLE_OBJC_ARC = YES;
				CLANG_ENABLE_OBJC_WEAK = YES;
				CLANG_WARN_BLOCK_CAPTURE_AUTORELEASING = YES;
				CLANG_WARN_BOOL_CONVERSION = YES;
				CLANG_WARN_COMMA = YES;
				CLANG_WARN_CONSTANT_CONVERSION = YES;
				CLANG_WARN_DEPRECATED_OBJC_IMPLEMENTATIONS = YES;
				CLANG_WARN_DIRECT_OBJC_ISA_USAGE = YES_ERROR;
				CLANG_WARN_DOCUMENTATION_COMMENTS = YES;
				CLANG_WARN_EMPTY_BODY = YES;
				CLANG_WARN_ENUM_CONVERSION = YES;
				CLANG_WARN_INFINITE_RECURSION = YES;
				CLANG_WARN_INT_CONVERSION = YES;
				CLANG_WARN_NON_LITERAL_NULL_CONVERSION = YES;
				CLANG_WARN_OBJC_IMPLICIT_RETAIN_SELF = YES;
				CLANG_WARN_OBJC_LITERAL_CONVERSION = YES;
				CLANG_WARN_OBJC_ROOT_CLASS = YES_ERROR;
				CLANG_WARN_QUOTED_INCLUDE_IN_FRAMEWORK_HEADER = YES;
				CLANG_WARN_RANGE_LOOP_ANALYSIS = YES;
				CLANG_WARN_STRICT_PROTOTYPES = YES;
				CLANG_WARN_SUSPICIOUS_MOVE = YES;
				CLANG_WARN_UNGUARDED_AVAILABILITY = YES_AGGRESSIVE;
				CLANG_WARN_UNREACHABLE_CODE = YES;
				CLANG_WARN__DUPLICATE_METHOD_MATCH = YES;
				COPY_PHASE_STRIP = NO;
				DEBUG_INFORMATION_FORMAT = "dwarf-with-dsym";
				ENABLE_NS_ASSERTIONS = NO;
				ENABLE_STRICT_OBJC_MSGSEND = YES;
				GCC_C_LANGUAGE_STANDARD = gnu11;
				GCC_NO_COMMON_BLOCKS = YES;
				GCC_WARN_64_TO_32_BIT_CONVERSION = YES;
				GCC_WARN_ABOUT_RETURN_TYPE = YES_ERROR;
				GCC_WARN_UNDECLARED_SELECTOR = YES;
				GCC_WARN_UNINITIALIZED_AUTOS = YES_AGGRESSIVE;
				GCC_WARN_UNUSED_FUNCTION = YES;
				GCC_WARN_UNUSED_VARIABLE = YES;
				IPHONEOS_DEPLOYMENT_TARGET = 16.1;
				MTL_ENABLE_DEBUG_INFO = NO;
				MTL_FAST_MATH = YES;
				SDKROOT = iphoneos;
				SWIFT_COMPILATION_MODE = wholemodule;
				SWIFT_OPTIMIZATION_LEVEL = "-O";
				VALIDATE_PRODUCT = YES;
			};
			name = Release;
		};
		65D15F64291C6D5500CB014A /* Debug */ = {
			isa = XCBuildConfiguration;
			buildSettings = {
				ASSETCATALOG_COMPILER_APPICON_NAME = AppIcon;
				ASSETCATALOG_COMPILER_GLOBAL_ACCENT_COLOR_NAME = AccentColor;
				CODE_SIGN_STYLE = Automatic;
				CURRENT_PROJECT_VERSION = 1;
				DEVELOPMENT_TEAM = XSJLPH4XDX;
				GENERATE_INFOPLIST_FILE = YES;
				INFOPLIST_FILE = CoreDataStack/App/Info.plist;
				INFOPLIST_KEY_UIApplicationSupportsIndirectInputEvents = YES;
				INFOPLIST_KEY_UILaunchStoryboardName = LaunchScreen;
				INFOPLIST_KEY_UISupportedInterfaceOrientations = UIInterfaceOrientationPortrait;
				INFOPLIST_KEY_UISupportedInterfaceOrientations_iPad = "UIInterfaceOrientationLandscapeLeft UIInterfaceOrientationLandscapeRight UIInterfaceOrientationPortrait UIInterfaceOrientationPortraitUpsideDown";
				LD_RUNPATH_SEARCH_PATHS = (
					"$(inherited)",
					"@executable_path/Frameworks",
				);
				MARKETING_VERSION = 1.0;
				PRODUCT_BUNDLE_IDENTIFIER = korobitsyn.CoreDataStack;
				PRODUCT_NAME = "$(TARGET_NAME)";
				SUPPORTED_PLATFORMS = "iphoneos iphonesimulator";
				SUPPORTS_MACCATALYST = NO;
				SUPPORTS_MAC_DESIGNED_FOR_IPHONE_IPAD = NO;
				SWIFT_EMIT_LOC_STRINGS = YES;
				SWIFT_VERSION = 5.0;
				TARGETED_DEVICE_FAMILY = 1;
			};
			name = Debug;
		};
		65D15F65291C6D5500CB014A /* Release */ = {
			isa = XCBuildConfiguration;
			buildSettings = {
				ASSETCATALOG_COMPILER_APPICON_NAME = AppIcon;
				ASSETCATALOG_COMPILER_GLOBAL_ACCENT_COLOR_NAME = AccentColor;
				CODE_SIGN_STYLE = Automatic;
				CURRENT_PROJECT_VERSION = 1;
				DEVELOPMENT_TEAM = XSJLPH4XDX;
				GENERATE_INFOPLIST_FILE = YES;
				INFOPLIST_FILE = CoreDataStack/App/Info.plist;
				INFOPLIST_KEY_UIApplicationSupportsIndirectInputEvents = YES;
				INFOPLIST_KEY_UILaunchStoryboardName = LaunchScreen;
				INFOPLIST_KEY_UISupportedInterfaceOrientations = UIInterfaceOrientationPortrait;
				INFOPLIST_KEY_UISupportedInterfaceOrientations_iPad = "UIInterfaceOrientationLandscapeLeft UIInterfaceOrientationLandscapeRight UIInterfaceOrientationPortrait UIInterfaceOrientationPortraitUpsideDown";
				LD_RUNPATH_SEARCH_PATHS = (
					"$(inherited)",
					"@executable_path/Frameworks",
				);
				MARKETING_VERSION = 1.0;
				PRODUCT_BUNDLE_IDENTIFIER = korobitsyn.CoreDataStack;
				PRODUCT_NAME = "$(TARGET_NAME)";
				SUPPORTED_PLATFORMS = "iphoneos iphonesimulator";
				SUPPORTS_MACCATALYST = NO;
				SUPPORTS_MAC_DESIGNED_FOR_IPHONE_IPAD = NO;
				SWIFT_EMIT_LOC_STRINGS = YES;
				SWIFT_VERSION = 5.0;
				TARGETED_DEVICE_FAMILY = 1;
			};
			name = Release;
		};
/* End XCBuildConfiguration section */

/* Begin XCConfigurationList section */
		65D15F47291C6D5400CB014A /* Build configuration list for PBXProject "CoreDataStack" */ = {
			isa = XCConfigurationList;
			buildConfigurations = (
				65D15F61291C6D5500CB014A /* Debug */,
				65D15F62291C6D5500CB014A /* Release */,
			);
			defaultConfigurationIsVisible = 0;
			defaultConfigurationName = Release;
		};
		65D15F63291C6D5500CB014A /* Build configuration list for PBXNativeTarget "CoreDataStack" */ = {
			isa = XCConfigurationList;
			buildConfigurations = (
				65D15F64291C6D5500CB014A /* Debug */,
				65D15F65291C6D5500CB014A /* Release */,
			);
			defaultConfigurationIsVisible = 0;
			defaultConfigurationName = Release;
		};
/* End XCConfigurationList section */

/* Begin XCVersionGroup section */
		65D15F58291C6D5400CB014A /* CoreDataStack.xcdatamodeld */ = {
			isa = XCVersionGroup;
			children = (
				65D15F59291C6D5400CB014A /* CoreDataStack.xcdatamodel */,
			);
			currentVersion = 65D15F59291C6D5400CB014A /* CoreDataStack.xcdatamodel */;
			path = CoreDataStack.xcdatamodeld;
			sourceTree = "<group>";
			versionGroupType = wrapper.xcdatamodel;
		};
/* End XCVersionGroup section */
	};
	rootObject = 65D15F44291C6D5400CB014A /* Project object */;
}
